// !$*UTF8*$!
{
	archiveVersion = 1;
	classes = {
	};
	objectVersion = 50;
	objects = {

/* Begin PBXBuildFile section */
		6C2F5D2E23AEE054008FEF0A /* AppDelegate.swift in Sources */ = {isa = PBXBuildFile; fileRef = 6C2F5D2D23AEE054008FEF0A /* AppDelegate.swift */; };
		6C2F5D3023AEE054008FEF0A /* SceneDelegate.swift in Sources */ = {isa = PBXBuildFile; fileRef = 6C2F5D2F23AEE054008FEF0A /* SceneDelegate.swift */; };
		6C2F5D3223AEE054008FEF0A /* RootTabBarController.swift in Sources */ = {isa = PBXBuildFile; fileRef = 6C2F5D3123AEE054008FEF0A /* RootTabBarController.swift */; };
		6C2F5D3423AEE054008FEF0A /* TopicSelectController.swift in Sources */ = {isa = PBXBuildFile; fileRef = 6C2F5D3323AEE054008FEF0A /* TopicSelectController.swift */; };
		6C2F5D3923AEE055008FEF0A /* Assets.xcassets in Resources */ = {isa = PBXBuildFile; fileRef = 6C2F5D3823AEE055008FEF0A /* Assets.xcassets */; };
		6C2F5D3C23AEE055008FEF0A /* LaunchScreen.storyboard in Resources */ = {isa = PBXBuildFile; fileRef = 6C2F5D3A23AEE055008FEF0A /* LaunchScreen.storyboard */; };
		6C2F5D4423AEE208008FEF0A /* NavigationController.swift in Sources */ = {isa = PBXBuildFile; fileRef = 6C2F5D4323AEE208008FEF0A /* NavigationController.swift */; };
		6C2F5D4823AEE2B2008FEF0A /* TopicSelectView.swift in Sources */ = {isa = PBXBuildFile; fileRef = 6C2F5D4723AEE2B2008FEF0A /* TopicSelectView.swift */; };
		6C2F5D4A23AEE2C5008FEF0A /* TopicSelectTableViewCell.swift in Sources */ = {isa = PBXBuildFile; fileRef = 6C2F5D4923AEE2C5008FEF0A /* TopicSelectTableViewCell.swift */; };
		6C6BA6A023B13A71008EB44B /* ModalWordViewController.swift in Sources */ = {isa = PBXBuildFile; fileRef = 6C6BA69F23B13A71008EB44B /* ModalWordViewController.swift */; };
		6C6BA6A223B13E81008EB44B /* ModalWordView.swift in Sources */ = {isa = PBXBuildFile; fileRef = 6C6BA6A123B13E81008EB44B /* ModalWordView.swift */; };
		6CE310E923B025950061FB54 /* DetailTopicView.swift in Sources */ = {isa = PBXBuildFile; fileRef = 6CE310E823B025950061FB54 /* DetailTopicView.swift */; };
		6CE310EB23B0263E0061FB54 /* DetailTopicViewController.swift in Sources */ = {isa = PBXBuildFile; fileRef = 6CE310EA23B0263E0061FB54 /* DetailTopicViewController.swift */; };
		6CFBE33623B01D1F0047BA74 /* WordData.swift in Sources */ = {isa = PBXBuildFile; fileRef = 6CFBE33523B01D1F0047BA74 /* WordData.swift */; };
/* End PBXBuildFile section */

/* Begin PBXFileReference section */
		6C2F5D2A23AEE054008FEF0A /* Charades Xmas 2019.app */ = {isa = PBXFileReference; explicitFileType = wrapper.application; includeInIndex = 0; path = "Charades Xmas 2019.app"; sourceTree = BUILT_PRODUCTS_DIR; };
		6C2F5D2D23AEE054008FEF0A /* AppDelegate.swift */ = {isa = PBXFileReference; lastKnownFileType = sourcecode.swift; path = AppDelegate.swift; sourceTree = "<group>"; };
		6C2F5D2F23AEE054008FEF0A /* SceneDelegate.swift */ = {isa = PBXFileReference; lastKnownFileType = sourcecode.swift; path = SceneDelegate.swift; sourceTree = "<group>"; };
		6C2F5D3123AEE054008FEF0A /* RootTabBarController.swift */ = {isa = PBXFileReference; lastKnownFileType = sourcecode.swift; path = RootTabBarController.swift; sourceTree = "<group>"; };
		6C2F5D3323AEE054008FEF0A /* TopicSelectController.swift */ = {isa = PBXFileReference; lastKnownFileType = sourcecode.swift; path = TopicSelectController.swift; sourceTree = "<group>"; };
		6C2F5D3823AEE055008FEF0A /* Assets.xcassets */ = {isa = PBXFileReference; lastKnownFileType = folder.assetcatalog; path = Assets.xcassets; sourceTree = "<group>"; };
		6C2F5D3B23AEE055008FEF0A /* Base */ = {isa = PBXFileReference; lastKnownFileType = file.storyboard; name = Base; path = Base.lproj/LaunchScreen.storyboard; sourceTree = "<group>"; };
		6C2F5D3D23AEE055008FEF0A /* Info.plist */ = {isa = PBXFileReference; lastKnownFileType = text.plist.xml; path = Info.plist; sourceTree = "<group>"; };
		6C2F5D4323AEE208008FEF0A /* NavigationController.swift */ = {isa = PBXFileReference; lastKnownFileType = sourcecode.swift; path = NavigationController.swift; sourceTree = "<group>"; };
		6C2F5D4723AEE2B2008FEF0A /* TopicSelectView.swift */ = {isa = PBXFileReference; lastKnownFileType = sourcecode.swift; path = TopicSelectView.swift; sourceTree = "<group>"; };
		6C2F5D4923AEE2C5008FEF0A /* TopicSelectTableViewCell.swift */ = {isa = PBXFileReference; lastKnownFileType = sourcecode.swift; path = TopicSelectTableViewCell.swift; sourceTree = "<group>"; };
		6C6BA69F23B13A71008EB44B /* ModalWordViewController.swift */ = {isa = PBXFileReference; lastKnownFileType = sourcecode.swift; path = ModalWordViewController.swift; sourceTree = "<group>"; };
		6C6BA6A123B13E81008EB44B /* ModalWordView.swift */ = {isa = PBXFileReference; lastKnownFileType = sourcecode.swift; path = ModalWordView.swift; sourceTree = "<group>"; };
		6CE310E823B025950061FB54 /* DetailTopicView.swift */ = {isa = PBXFileReference; lastKnownFileType = sourcecode.swift; path = DetailTopicView.swift; sourceTree = "<group>"; };
		6CE310EA23B0263E0061FB54 /* DetailTopicViewController.swift */ = {isa = PBXFileReference; lastKnownFileType = sourcecode.swift; path = DetailTopicViewController.swift; sourceTree = "<group>"; };
		6CFBE33523B01D1F0047BA74 /* WordData.swift */ = {isa = PBXFileReference; lastKnownFileType = sourcecode.swift; path = WordData.swift; sourceTree = "<group>"; };
/* End PBXFileReference section */

/* Begin PBXFrameworksBuildPhase section */
		6C2F5D2723AEE054008FEF0A /* Frameworks */ = {
			isa = PBXFrameworksBuildPhase;
			buildActionMask = 2147483647;
			files = (
			);
			runOnlyForDeploymentPostprocessing = 0;
		};
/* End PBXFrameworksBuildPhase section */

/* Begin PBXGroup section */
		6C2F5D2123AEE054008FEF0A = {
			isa = PBXGroup;
			children = (
				6C2F5D2C23AEE054008FEF0A /* Charades Xmas 2019 */,
				6C2F5D2B23AEE054008FEF0A /* Products */,
			);
			sourceTree = "<group>";
		};
		6C2F5D2B23AEE054008FEF0A /* Products */ = {
			isa = PBXGroup;
			children = (
				6C2F5D2A23AEE054008FEF0A /* Charades Xmas 2019.app */,
			);
			name = Products;
			sourceTree = "<group>";
		};
		6C2F5D2C23AEE054008FEF0A /* Charades Xmas 2019 */ = {
			isa = PBXGroup;
			children = (
				6CFBE33423B01CF20047BA74 /* Models */,
				6C2F5D4523AEE22D008FEF0A /* Views */,
				6C2F5D4623AEE23A008FEF0A /* Controllers */,
				6C2F5D2D23AEE054008FEF0A /* AppDelegate.swift */,
				6C2F5D2F23AEE054008FEF0A /* SceneDelegate.swift */,
				6C2F5D3823AEE055008FEF0A /* Assets.xcassets */,
				6C2F5D3A23AEE055008FEF0A /* LaunchScreen.storyboard */,
				6C2F5D3D23AEE055008FEF0A /* Info.plist */,
			);
			path = "Charades Xmas 2019";
			sourceTree = "<group>";
		};
		6C2F5D4523AEE22D008FEF0A /* Views */ = {
			isa = PBXGroup;
			children = (
				6C2F5D4723AEE2B2008FEF0A /* TopicSelectView.swift */,
				6C2F5D4923AEE2C5008FEF0A /* TopicSelectTableViewCell.swift */,
				6CE310E823B025950061FB54 /* DetailTopicView.swift */,
				6C6BA6A123B13E81008EB44B /* ModalWordView.swift */,
			);
			path = Views;
			sourceTree = "<group>";
		};
		6C2F5D4623AEE23A008FEF0A /* Controllers */ = {
			isa = PBXGroup;
			children = (
				6C2F5D3123AEE054008FEF0A /* RootTabBarController.swift */,
				6C2F5D3323AEE054008FEF0A /* TopicSelectController.swift */,
				6C2F5D4323AEE208008FEF0A /* NavigationController.swift */,
				6CE310EA23B0263E0061FB54 /* DetailTopicViewController.swift */,
				6C6BA69F23B13A71008EB44B /* ModalWordViewController.swift */,
			);
			path = Controllers;
			sourceTree = "<group>";
		};
		6CFBE33423B01CF20047BA74 /* Models */ = {
			isa = PBXGroup;
			children = (
				6CFBE33523B01D1F0047BA74 /* WordData.swift */,
			);
			path = Models;
			sourceTree = "<group>";
		};
/* End PBXGroup section */

/* Begin PBXNativeTarget section */
		6C2F5D2923AEE054008FEF0A /* Charades Xmas 2019 */ = {
			isa = PBXNativeTarget;
			buildConfigurationList = 6C2F5D4023AEE055008FEF0A /* Build configuration list for PBXNativeTarget "Charades Xmas 2019" */;
			buildPhases = (
				6C2F5D2623AEE054008FEF0A /* Sources */,
				6C2F5D2723AEE054008FEF0A /* Frameworks */,
				6C2F5D2823AEE054008FEF0A /* Resources */,
			);
			buildRules = (
			);
			dependencies = (
			);
			name = "Charades Xmas 2019";
			productName = "Charades Xmas 2019";
			productReference = 6C2F5D2A23AEE054008FEF0A /* Charades Xmas 2019.app */;
			productType = "com.apple.product-type.application";
		};
/* End PBXNativeTarget section */

/* Begin PBXProject section */
		6C2F5D2223AEE054008FEF0A /* Project object */ = {
			isa = PBXProject;
			attributes = {
				LastSwiftUpdateCheck = 1130;
				LastUpgradeCheck = 1130;
				ORGANIZATIONNAME = "Wren Liang";
				TargetAttributes = {
					6C2F5D2923AEE054008FEF0A = {
						CreatedOnToolsVersion = 11.3;
					};
				};
			};
			buildConfigurationList = 6C2F5D2523AEE054008FEF0A /* Build configuration list for PBXProject "Charades Xmas 2019" */;
			compatibilityVersion = "Xcode 9.3";
			developmentRegion = en;
			hasScannedForEncodings = 0;
			knownRegions = (
				en,
				Base,
			);
			mainGroup = 6C2F5D2123AEE054008FEF0A;
			productRefGroup = 6C2F5D2B23AEE054008FEF0A /* Products */;
			projectDirPath = "";
			projectRoot = "";
			targets = (
				6C2F5D2923AEE054008FEF0A /* Charades Xmas 2019 */,
			);
		};
/* End PBXProject section */

/* Begin PBXResourcesBuildPhase section */
		6C2F5D2823AEE054008FEF0A /* Resources */ = {
			isa = PBXResourcesBuildPhase;
			buildActionMask = 2147483647;
			files = (
				6C2F5D3C23AEE055008FEF0A /* LaunchScreen.storyboard in Resources */,
				6C2F5D3923AEE055008FEF0A /* Assets.xcassets in Resources */,
			);
			runOnlyForDeploymentPostprocessing = 0;
		};
/* End PBXResourcesBuildPhase section */

/* Begin PBXSourcesBuildPhase section */
		6C2F5D2623AEE054008FEF0A /* Sources */ = {
			isa = PBXSourcesBuildPhase;
			buildActionMask = 2147483647;
			files = (
				6C2F5D3423AEE054008FEF0A /* TopicSelectController.swift in Sources */,
				6C2F5D3223AEE054008FEF0A /* RootTabBarController.swift in Sources */,
				6C2F5D4823AEE2B2008FEF0A /* TopicSelectView.swift in Sources */,
				6C2F5D4423AEE208008FEF0A /* NavigationController.swift in Sources */,
				6C2F5D4A23AEE2C5008FEF0A /* TopicSelectTableViewCell.swift in Sources */,
				6CE310EB23B0263E0061FB54 /* DetailTopicViewController.swift in Sources */,
				6C2F5D2E23AEE054008FEF0A /* AppDelegate.swift in Sources */,
				6C2F5D3023AEE054008FEF0A /* SceneDelegate.swift in Sources */,
				6C6BA6A023B13A71008EB44B /* ModalWordViewController.swift in Sources */,
				6CE310E923B025950061FB54 /* DetailTopicView.swift in Sources */,
				6C6BA6A223B13E81008EB44B /* ModalWordView.swift in Sources */,
				6CFBE33623B01D1F0047BA74 /* WordData.swift in Sources */,
			);
			runOnlyForDeploymentPostprocessing = 0;
		};
/* End PBXSourcesBuildPhase section */

/* Begin PBXVariantGroup section */
		6C2F5D3A23AEE055008FEF0A /* LaunchScreen.storyboard */ = {
			isa = PBXVariantGroup;
			children = (
				6C2F5D3B23AEE055008FEF0A /* Base */,
			);
			name = LaunchScreen.storyboard;
			sourceTree = "<group>";
		};
/* End PBXVariantGroup section */

/* Begin XCBuildConfiguration section */
		6C2F5D3E23AEE055008FEF0A /* Debug */ = {
			isa = XCBuildConfiguration;
			buildSettings = {
				ALWAYS_SEARCH_USER_PATHS = NO;
				CLANG_ANALYZER_NONNULL = YES;
				CLANG_ANALYZER_NUMBER_OBJECT_CONVERSION = YES_AGGRESSIVE;
				CLANG_CXX_LANGUAGE_STANDARD = "gnu++14";
				CLANG_CXX_LIBRARY = "libc++";
				CLANG_ENABLE_MODULES = YES;
				CLANG_ENABLE_OBJC_ARC = YES;
				CLANG_ENABLE_OBJC_WEAK = YES;
				CLANG_WARN_BLOCK_CAPTURE_AUTORELEASING = YES;
				CLANG_WARN_BOOL_CONVERSION = YES;
				CLANG_WARN_COMMA = YES;
				CLANG_WARN_CONSTANT_CONVERSION = YES;
				CLANG_WARN_DEPRECATED_OBJC_IMPLEMENTATIONS = YES;
				CLANG_WARN_DIRECT_OBJC_ISA_USAGE = YES_ERROR;
				CLANG_WARN_DOCUMENTATION_COMMENTS = YES;
				CLANG_WARN_EMPTY_BODY = YES;
				CLANG_WARN_ENUM_CONVERSION = YES;
				CLANG_WARN_INFINITE_RECURSION = YES;
				CLANG_WARN_INT_CONVERSION = YES;
				CLANG_WARN_NON_LITERAL_NULL_CONVERSION = YES;
				CLANG_WARN_OBJC_IMPLICIT_RETAIN_SELF = YES;
				CLANG_WARN_OBJC_LITERAL_CONVERSION = YES;
				CLANG_WARN_OBJC_ROOT_CLASS = YES_ERROR;
				CLANG_WARN_RANGE_LOOP_ANALYSIS = YES;
				CLANG_WARN_STRICT_PROTOTYPES = YES;
				CLANG_WARN_SUSPICIOUS_MOVE = YES;
				CLANG_WARN_UNGUARDED_AVAILABILITY = YES_AGGRESSIVE;
				CLANG_WARN_UNREACHABLE_CODE = YES;
				CLANG_WARN__DUPLICATE_METHOD_MATCH = YES;
				COPY_PHASE_STRIP = NO;
				DEBUG_INFORMATION_FORMAT = dwarf;
				ENABLE_STRICT_OBJC_MSGSEND = YES;
				ENABLE_TESTABILITY = YES;
				GCC_C_LANGUAGE_STANDARD = gnu11;
				GCC_DYNAMIC_NO_PIC = NO;
				GCC_NO_COMMON_BLOCKS = YES;
				GCC_OPTIMIZATION_LEVEL = 0;
				GCC_PREPROCESSOR_DEFINITIONS = (
					"DEBUG=1",
					"$(inherited)",
				);
				GCC_WARN_64_TO_32_BIT_CONVERSION = YES;
				GCC_WARN_ABOUT_RETURN_TYPE = YES_ERROR;
				GCC_WARN_UNDECLARED_SELECTOR = YES;
				GCC_WARN_UNINITIALIZED_AUTOS = YES_AGGRESSIVE;
				GCC_WARN_UNUSED_FUNCTION = YES;
				GCC_WARN_UNUSED_VARIABLE = YES;
				IPHONEOS_DEPLOYMENT_TARGET = 13.2;
				MTL_ENABLE_DEBUG_INFO = INCLUDE_SOURCE;
				MTL_FAST_MATH = YES;
				ONLY_ACTIVE_ARCH = YES;
				SDKROOT = iphoneos;
				SWIFT_ACTIVE_COMPILATION_CONDITIONS = DEBUG;
				SWIFT_OPTIMIZATION_LEVEL = "-Onone";
			};
			name = Debug;
		};
		6C2F5D3F23AEE055008FEF0A /* Release */ = {
			isa = XCBuildConfiguration;
			buildSettings = {
				ALWAYS_SEARCH_USER_PATHS = NO;
				CLANG_ANALYZER_NONNULL = YES;
				CLANG_ANALYZER_NUMBER_OBJECT_CONVERSION = YES_AGGRESSIVE;
				CLANG_CXX_LANGUAGE_STANDARD = "gnu++14";
				CLANG_CXX_LIBRARY = "libc++";
				CLANG_ENABLE_MODULES = YES;
				CLANG_ENABLE_OBJC_ARC = YES;
				CLANG_ENABLE_OBJC_WEAK = YES;
				CLANG_WARN_BLOCK_CAPTURE_AUTORELEASING = YES;
				CLANG_WARN_BOOL_CONVERSION = YES;
				CLANG_WARN_COMMA = YES;
				CLANG_WARN_CONSTANT_CONVERSION = YES;
				CLANG_WARN_DEPRECATED_OBJC_IMPLEMENTATIONS = YES;
				CLANG_WARN_DIRECT_OBJC_ISA_USAGE = YES_ERROR;
				CLANG_WARN_DOCUMENTATION_COMMENTS = YES;
				CLANG_WARN_EMPTY_BODY = YES;
				CLANG_WARN_ENUM_CONVERSION = YES;
				CLANG_WARN_INFINITE_RECURSION = YES;
				CLANG_WARN_INT_CONVERSION = YES;
				CLANG_WARN_NON_LITERAL_NULL_CONVERSION = YES;
				CLANG_WARN_OBJC_IMPLICIT_RETAIN_SELF = YES;
				CLANG_WARN_OBJC_LITERAL_CONVERSION = YES;
				CLANG_WARN_OBJC_ROOT_CLASS = YES_ERROR;
				CLANG_WARN_RANGE_LOOP_ANALYSIS = YES;
				CLANG_WARN_STRICT_PROTOTYPES = YES;
				CLANG_WARN_SUSPICIOUS_MOVE = YES;
				CLANG_WARN_UNGUARDED_AVAILABILITY = YES_AGGRESSIVE;
				CLANG_WARN_UNREACHABLE_CODE = YES;
				CLANG_WARN__DUPLICATE_METHOD_MATCH = YES;
				COPY_PHASE_STRIP = NO;
				DEBUG_INFORMATION_FORMAT = "dwarf-with-dsym";
				ENABLE_NS_ASSERTIONS = NO;
				ENABLE_STRICT_OBJC_MSGSEND = YES;
				GCC_C_LANGUAGE_STANDARD = gnu11;
				GCC_NO_COMMON_BLOCKS = YES;
				GCC_WARN_64_TO_32_BIT_CONVERSION = YES;
				GCC_WARN_ABOUT_RETURN_TYPE = YES_ERROR;
				GCC_WARN_UNDECLARED_SELECTOR = YES;
				GCC_WARN_UNINITIALIZED_AUTOS = YES_AGGRESSIVE;
				GCC_WARN_UNUSED_FUNCTION = YES;
				GCC_WARN_UNUSED_VARIABLE = YES;
				IPHONEOS_DEPLOYMENT_TARGET = 13.2;
				MTL_ENABLE_DEBUG_INFO = NO;
				MTL_FAST_MATH = YES;
				SDKROOT = iphoneos;
				SWIFT_COMPILATION_MODE = wholemodule;
				SWIFT_OPTIMIZATION_LEVEL = "-O";
				VALIDATE_PRODUCT = YES;
			};
			name = Release;
		};
		6C2F5D4123AEE055008FEF0A /* Debug */ = {
			isa = XCBuildConfiguration;
			buildSettings = {
				ASSETCATALOG_COMPILER_APPICON_NAME = AppIcon;
				CODE_SIGN_STYLE = Automatic;
				DEVELOPMENT_TEAM = 3Y9DB8JZGV;
				INFOPLIST_FILE = "Charades Xmas 2019/Info.plist";
				LD_RUNPATH_SEARCH_PATHS = (
					"$(inherited)",
					"@executable_path/Frameworks",
				);
				PRODUCT_BUNDLE_IDENTIFIER = "Wren.Charades-Xmas-2019";
				PRODUCT_NAME = "$(TARGET_NAME)";
				SWIFT_VERSION = 5.0;
				TARGETED_DEVICE_FAMILY = 1;
			};
			name = Debug;
		};
		6C2F5D4223AEE055008FEF0A /* Release */ = {
			isa = XCBuildConfiguration;
			buildSettings = {
				ASSETCATALOG_COMPILER_APPICON_NAME = AppIcon;
				CODE_SIGN_STYLE = Automatic;
				DEVELOPMENT_TEAM = 3Y9DB8JZGV;
				INFOPLIST_FILE = "Charades Xmas 2019/Info.plist";
				LD_RUNPATH_SEARCH_PATHS = (
					"$(inherited)",
					"@executable_path/Frameworks",
				);
				PRODUCT_BUNDLE_IDENTIFIER = "Wren.Charades-Xmas-2019";
				PRODUCT_NAME = "$(TARGET_NAME)";
				SWIFT_VERSION = 5.0;
				TARGETED_DEVICE_FAMILY = 1;
			};
			name = Release;
		};
/* End XCBuildConfiguration section */

/* Begin XCConfigurationList section */
		6C2F5D2523AEE054008FEF0A /* Build configuration list for PBXProject "Charades Xmas 2019" */ = {
			isa = XCConfigurationList;
			buildConfigurations = (
				6C2F5D3E23AEE055008FEF0A /* Debug */,
				6C2F5D3F23AEE055008FEF0A /* Release */,
			);
			defaultConfigurationIsVisible = 0;
			defaultConfigurationName = Release;
		};
		6C2F5D4023AEE055008FEF0A /* Build configuration list for PBXNativeTarget "Charades Xmas 2019" */ = {
			isa = XCConfigurationList;
			buildConfigurations = (
				6C2F5D4123AEE055008FEF0A /* Debug */,
				6C2F5D4223AEE055008FEF0A /* Release */,
			);
			defaultConfigurationIsVisible = 0;
			defaultConfigurationName = Release;
		};
/* End XCConfigurationList section */
	};
	rootObject = 6C2F5D2223AEE054008FEF0A /* Project object */;
}
